
Microsoft Visual Studio Solution File, Format Version 12.00
# Visual Studio Version 16
VisualStudioVersion = 16.0.34031.81
MinimumVisualStudioVersion = 10.0.40219.1
Project("{2150E333-8FDC-42A3-9474-1A3956D46DE8}") = "Task0", "Task0", "{D2EC8A04-D23A-435A-A137-4797C5E4C0E2}"
EndProject
Project("{FAE04EC0-301F-11D3-BF4B-00C04F79EFBC}") = "Tyuiu.TitkovAA.Sprint3.Task0.V21", "Tyuiu.TitkovAA.Sprint3.Task0.V21\Tyuiu.TitkovAA.Sprint3.Task0.V21.csproj", "{74228B0F-AF52-47A9-894B-146F349D34DF}"
EndProject
Project("{FAE04EC0-301F-11D3-BF4B-00C04F79EFBC}") = "Tyuiu.TitkovAA.Sprint3.Task0.V21.Lib", "Tyuiu.TitkovAA.Sprint3.Task0.V21.Lib\Tyuiu.TitkovAA.Sprint3.Task0.V21.Lib.csproj", "{38336670-5C5E-418F-95D9-06BAA746D0B9}"
EndProject
Project("{FAE04EC0-301F-11D3-BF4B-00C04F79EFBC}") = "Tyuiu.TitkovAA.Sprint3.Task0.V21.Test", "Tyuiu.TitkovAA.Sprint3.Task0.V21.Test\Tyuiu.TitkovAA.Sprint3.Task0.V21.Test.csproj", "{0605BC9A-1ED2-4B4A-A1E3-12EAB26179B2}"
EndProject
Project("{2150E333-8FDC-42A3-9474-1A3956D46DE8}") = "Task1", "Task1", "{F06F4692-DF3A-42CF-8A04-A68A43917256}"
EndProject
Project("{FAE04EC0-301F-11D3-BF4B-00C04F79EFBC}") = "Tyuiu.TitkovAA.Sprint3.Task1.V28", "Tyuiu.TitkovAA.Sprint3.Task1.V28\Tyuiu.TitkovAA.Sprint3.Task1.V28.csproj", "{0F595B06-3887-4A56-A50C-A5FAA7C4822D}"
EndProject
Project("{FAE04EC0-301F-11D3-BF4B-00C04F79EFBC}") = "Tyuiu.TitkovAA.Sprint3.Task1.V28.Lib", "Tyuiu.TitkovAA.Sprint3.Task1.V28.Lib\Tyuiu.TitkovAA.Sprint3.Task1.V28.Lib.csproj", "{185E8ABC-04A8-4590-84B0-ABC9296C7907}"
EndProject
Project("{FAE04EC0-301F-11D3-BF4B-00C04F79EFBC}") = "Tyuiu.TitkovAA.Sprint3.Task1.V28.Test", "Tyuiu.TitkovAA.Sprint3.Task1.V28.Test\Tyuiu.TitkovAA.Sprint3.Task1.V28.Test.csproj", "{DC6CD10C-4B6E-44F0-8971-38BD399CFEA4}"
EndProject
Project("{2150E333-8FDC-42A3-9474-1A3956D46DE8}") = "Task2", "Task2", "{F5673DDE-A27D-4388-BFED-F2DC94144333}"
EndProject
Project("{FAE04EC0-301F-11D3-BF4B-00C04F79EFBC}") = "Tyuiu.TitkovAA.Sprint3.Task2.V3", "Tyuiu.TitkovAA.Sprint3.Task2.V3\Tyuiu.TitkovAA.Sprint3.Task2.V3.csproj", "{F84A2151-94B1-4C70-9681-604CB55A1BA2}"
EndProject
Project("{FAE04EC0-301F-11D3-BF4B-00C04F79EFBC}") = "Tyuiu.TitkovAA.Sprint3.Task2.V3.Lib", "Tyuiu.TitkovAA.Sprint3.Task2.V3.Lib\Tyuiu.TitkovAA.Sprint3.Task2.V3.Lib.csproj", "{44BD3973-8883-4AD2-AC3D-18388578FF25}"
EndProject
Project("{FAE04EC0-301F-11D3-BF4B-00C04F79EFBC}") = "Tyuiu.TitkovAA.Sprint3.Task2.V3.Test", "Tyuiu.TitkovAA.Sprint3.Task2.V3.Test\Tyuiu.TitkovAA.Sprint3.Task2.V3.Test.csproj", "{9D1290FB-726C-40E9-BF54-FF5A503C2320}"
EndProject
Project("{2150E333-8FDC-42A3-9474-1A3956D46DE8}") = "Task3", "Task3", "{792EB973-6B13-4765-8A17-DB20AEE10F74}"
EndProject
Project("{FAE04EC0-301F-11D3-BF4B-00C04F79EFBC}") = "Tyuiu.TitkovAA.Sprint3.Task3.V2.Test", "Tyuiu.TitkovAA.Sprint3.Task3.V2.Test\Tyuiu.TitkovAA.Sprint3.Task3.V2.Test.csproj", "{4AEB9CA7-DF96-4A85-8096-A032AD5063B3}"
EndProject
Project("{FAE04EC0-301F-11D3-BF4B-00C04F79EFBC}") = "Tyuiu.TitkovAA.Sprint3.Task3.V2.Lib", "Tyuiu.TitkovAA.Sprint3.Task3.V2.Lib\Tyuiu.TitkovAA.Sprint3.Task3.V2.Lib.csproj", "{378CBA70-1AD8-4B14-8F1E-F3BD1942A319}"
EndProject
Project("{FAE04EC0-301F-11D3-BF4B-00C04F79EFBC}") = "Tyuiu.TitkovAA.Sprint3.Task3.V2", "Tyuiu.TitkovAA.Sprint3.Task3.V2\Tyuiu.TitkovAA.Sprint3.Task3.V2.csproj", "{734E34D0-FEE2-43A7-A2EF-C5E8FAD21736}"
EndProject
Project("{2150E333-8FDC-42A3-9474-1A3956D46DE8}") = "Task4", "Task4", "{B53B79D6-4C71-4552-8A37-C3E2FB76C595}"
EndProject
Project("{FAE04EC0-301F-11D3-BF4B-00C04F79EFBC}") = "Tyuiu.TitkovAA.Sprint3.Task4.V9", "Tyuiu.TitkovAA.Sprint3.Task4.V9\Tyuiu.TitkovAA.Sprint3.Task4.V9.csproj", "{33699CAF-1B18-4E2C-877B-5E380EC6CF93}"
EndProject
Project("{FAE04EC0-301F-11D3-BF4B-00C04F79EFBC}") = "Tyuiu.TitkovAA.Sprint3.Task4.V9.Lib", "Tyuiu.TitkovAA.Sprint3.Task4.V9.Lib\Tyuiu.TitkovAA.Sprint3.Task4.V9.Lib.csproj", "{0ED0BC43-3B6D-4E97-95F8-CFA658652922}"
EndProject
Project("{FAE04EC0-301F-11D3-BF4B-00C04F79EFBC}") = "Tyuiu.TitkovAA.Sprint3.Task4.V9.Test", "Tyuiu.TitkovAA.Sprint3.Task4.V9.Test\Tyuiu.TitkovAA.Sprint3.Task4.V9.Test.csproj", "{B3F0D72E-DC56-49E6-BC40-D1760BD2F1B4}"
EndProject
Project("{2150E333-8FDC-42A3-9474-1A3956D46DE8}") = "Task5", "Task5", "{FD952884-808D-4A90-9C45-60400FDE110A}"
EndProject
Project("{FAE04EC0-301F-11D3-BF4B-00C04F79EFBC}") = "Tyuiu.TitkovAA.Sprint3.Task5.V21", "Tyuiu.TitkovAA.Sprint3.Task5.V21\Tyuiu.TitkovAA.Sprint3.Task5.V21.csproj", "{1FB227C3-D82C-48D4-9E90-096A600AC482}"
EndProject
Project("{FAE04EC0-301F-11D3-BF4B-00C04F79EFBC}") = "Tyuiu.TitkovAA.Sprint3.Task5.V21.Test", "Tyuiu.TitkovAA.Sprint3.Task5.V21.Test\Tyuiu.TitkovAA.Sprint3.Task5.V21.Test.csproj", "{6AB91088-CCEB-4D3F-9813-4096112D4B38}"
EndProject
Project("{FAE04EC0-301F-11D3-BF4B-00C04F79EFBC}") = "Tyuiu.TitkovAA.Sprint3.Task5.V21.Lib", "Tyuiu.TitkovAA.Sprint3.Task5.V21.Lib\Tyuiu.TitkovAA.Sprint3.Task5.V21.Lib.csproj", "{327FA65D-AFF2-41C3-BCDC-39AF11AF4F6F}"
EndProject
Project("{2150E333-8FDC-42A3-9474-1A3956D46DE8}") = "Task6", "Task6", "{BC027D84-1097-4F95-B260-294711FE2270}"
EndProject
Project("{FAE04EC0-301F-11D3-BF4B-00C04F79EFBC}") = "Tyuiu.TitkovAA.Sprint3.Task6.V23", "Tyuiu.TitkovAA.Sprint3.Task6.V23\Tyuiu.TitkovAA.Sprint3.Task6.V23.csproj", "{F47B3B87-83DD-42D8-9C03-914E36F009FC}"
EndProject
Project("{FAE04EC0-301F-11D3-BF4B-00C04F79EFBC}") = "Tyuiu.TitkovAA.Sprint3.Task6.V23.Lib", "Tyuiu.TitkovAA.Sprint3.Task6.V23.Lib\Tyuiu.TitkovAA.Sprint3.Task6.V23.Lib.csproj", "{96CFA233-71A2-44CE-A966-4B1D6EB97884}"
EndProject
Project("{FAE04EC0-301F-11D3-BF4B-00C04F79EFBC}") = "Tyuiu.TitkovAA.Sprint3.Task6.V23.Test", "Tyuiu.TitkovAA.Sprint3.Task6.V23.Test\Tyuiu.TitkovAA.Sprint3.Task6.V23.Test.csproj", "{F1F4C8A7-23A5-454C-949C-4F3CD228177A}"
EndProject
Global
	GlobalSection(SolutionConfigurationPlatforms) = preSolution
		Debug|Any CPU = Debug|Any CPU
		Release|Any CPU = Release|Any CPU
	EndGlobalSection
	GlobalSection(ProjectConfigurationPlatforms) = postSolution
		{74228B0F-AF52-47A9-894B-146F349D34DF}.Debug|Any CPU.ActiveCfg = Debug|Any CPU
		{74228B0F-AF52-47A9-894B-146F349D34DF}.Debug|Any CPU.Build.0 = Debug|Any CPU
		{74228B0F-AF52-47A9-894B-146F349D34DF}.Release|Any CPU.ActiveCfg = Release|Any CPU
		{74228B0F-AF52-47A9-894B-146F349D34DF}.Release|Any CPU.Build.0 = Release|Any CPU
		{38336670-5C5E-418F-95D9-06BAA746D0B9}.Debug|Any CPU.ActiveCfg = Debug|Any CPU
		{38336670-5C5E-418F-95D9-06BAA746D0B9}.Debug|Any CPU.Build.0 = Debug|Any CPU
		{38336670-5C5E-418F-95D9-06BAA746D0B9}.Release|Any CPU.ActiveCfg = Release|Any CPU
		{38336670-5C5E-418F-95D9-06BAA746D0B9}.Release|Any CPU.Build.0 = Release|Any CPU
		{0605BC9A-1ED2-4B4A-A1E3-12EAB26179B2}.Debug|Any CPU.ActiveCfg = Debug|Any CPU
		{0605BC9A-1ED2-4B4A-A1E3-12EAB26179B2}.Debug|Any CPU.Build.0 = Debug|Any CPU
		{0605BC9A-1ED2-4B4A-A1E3-12EAB26179B2}.Release|Any CPU.ActiveCfg = Release|Any CPU
		{0605BC9A-1ED2-4B4A-A1E3-12EAB26179B2}.Release|Any CPU.Build.0 = Release|Any CPU
		{0F595B06-3887-4A56-A50C-A5FAA7C4822D}.Debug|Any CPU.ActiveCfg = Debug|Any CPU
		{0F595B06-3887-4A56-A50C-A5FAA7C4822D}.Debug|Any CPU.Build.0 = Debug|Any CPU
		{0F595B06-3887-4A56-A50C-A5FAA7C4822D}.Release|Any CPU.ActiveCfg = Release|Any CPU
		{0F595B06-3887-4A56-A50C-A5FAA7C4822D}.Release|Any CPU.Build.0 = Release|Any CPU
		{185E8ABC-04A8-4590-84B0-ABC9296C7907}.Debug|Any CPU.ActiveCfg = Debug|Any CPU
		{185E8ABC-04A8-4590-84B0-ABC9296C7907}.Debug|Any CPU.Build.0 = Debug|Any CPU
		{185E8ABC-04A8-4590-84B0-ABC9296C7907}.Release|Any CPU.ActiveCfg = Release|Any CPU
		{185E8ABC-04A8-4590-84B0-ABC9296C7907}.Release|Any CPU.Build.0 = Release|Any CPU
		{DC6CD10C-4B6E-44F0-8971-38BD399CFEA4}.Debug|Any CPU.ActiveCfg = Debug|Any CPU
		{DC6CD10C-4B6E-44F0-8971-38BD399CFEA4}.Debug|Any CPU.Build.0 = Debug|Any CPU
		{DC6CD10C-4B6E-44F0-8971-38BD399CFEA4}.Release|Any CPU.ActiveCfg = Release|Any CPU
		{DC6CD10C-4B6E-44F0-8971-38BD399CFEA4}.Release|Any CPU.Build.0 = Release|Any CPU
		{F84A2151-94B1-4C70-9681-604CB55A1BA2}.Debug|Any CPU.ActiveCfg = Debug|Any CPU
		{F84A2151-94B1-4C70-9681-604CB55A1BA2}.Debug|Any CPU.Build.0 = Debug|Any CPU
		{F84A2151-94B1-4C70-9681-604CB55A1BA2}.Release|Any CPU.ActiveCfg = Release|Any CPU
		{F84A2151-94B1-4C70-9681-604CB55A1BA2}.Release|Any CPU.Build.0 = Release|Any CPU
		{44BD3973-8883-4AD2-AC3D-18388578FF25}.Debug|Any CPU.ActiveCfg = Debug|Any CPU
		{44BD3973-8883-4AD2-AC3D-18388578FF25}.Debug|Any CPU.Build.0 = Debug|Any CPU
		{44BD3973-8883-4AD2-AC3D-18388578FF25}.Release|Any CPU.ActiveCfg = Release|Any CPU
		{44BD3973-8883-4AD2-AC3D-18388578FF25}.Release|Any CPU.Build.0 = Release|Any CPU
		{9D1290FB-726C-40E9-BF54-FF5A503C2320}.Debug|Any CPU.ActiveCfg = Debug|Any CPU
		{9D1290FB-726C-40E9-BF54-FF5A503C2320}.Debug|Any CPU.Build.0 = Debug|Any CPU
		{9D1290FB-726C-40E9-BF54-FF5A503C2320}.Release|Any CPU.ActiveCfg = Release|Any CPU
		{9D1290FB-726C-40E9-BF54-FF5A503C2320}.Release|Any CPU.Build.0 = Release|Any CPU
		{4AEB9CA7-DF96-4A85-8096-A032AD5063B3}.Debug|Any CPU.ActiveCfg = Debug|Any CPU
		{4AEB9CA7-DF96-4A85-8096-A032AD5063B3}.Debug|Any CPU.Build.0 = Debug|Any CPU
		{4AEB9CA7-DF96-4A85-8096-A032AD5063B3}.Release|Any CPU.ActiveCfg = Release|Any CPU
		{4AEB9CA7-DF96-4A85-8096-A032AD5063B3}.Release|Any CPU.Build.0 = Release|Any CPU
		{378CBA70-1AD8-4B14-8F1E-F3BD1942A319}.Debug|Any CPU.ActiveCfg = Debug|Any CPU
		{378CBA70-1AD8-4B14-8F1E-F3BD1942A319}.Debug|Any CPU.Build.0 = Debug|Any CPU
		{378CBA70-1AD8-4B14-8F1E-F3BD1942A319}.Release|Any CPU.ActiveCfg = Release|Any CPU
		{378CBA70-1AD8-4B14-8F1E-F3BD1942A319}.Release|Any CPU.Build.0 = Release|Any CPU
		{734E34D0-FEE2-43A7-A2EF-C5E8FAD21736}.Debug|Any CPU.ActiveCfg = Debug|Any CPU
		{734E34D0-FEE2-43A7-A2EF-C5E8FAD21736}.Debug|Any CPU.Build.0 = Debug|Any CPU
		{734E34D0-FEE2-43A7-A2EF-C5E8FAD21736}.Release|Any CPU.ActiveCfg = Release|Any CPU
		{734E34D0-FEE2-43A7-A2EF-C5E8FAD21736}.Release|Any CPU.Build.0 = Release|Any CPU
		{33699CAF-1B18-4E2C-877B-5E380EC6CF93}.Debug|Any CPU.ActiveCfg = Debug|Any CPU
		{33699CAF-1B18-4E2C-877B-5E380EC6CF93}.Debug|Any CPU.Build.0 = Debug|Any CPU
		{33699CAF-1B18-4E2C-877B-5E380EC6CF93}.Release|Any CPU.ActiveCfg = Release|Any CPU
		{33699CAF-1B18-4E2C-877B-5E380EC6CF93}.Release|Any CPU.Build.0 = Release|Any CPU
		{0ED0BC43-3B6D-4E97-95F8-CFA658652922}.Debug|Any CPU.ActiveCfg = Debug|Any CPU
		{0ED0BC43-3B6D-4E97-95F8-CFA658652922}.Debug|Any CPU.Build.0 = Debug|Any CPU
		{0ED0BC43-3B6D-4E97-95F8-CFA658652922}.Release|Any CPU.ActiveCfg = Release|Any CPU
		{0ED0BC43-3B6D-4E97-95F8-CFA658652922}.Release|Any CPU.Build.0 = Release|Any CPU
		{B3F0D72E-DC56-49E6-BC40-D1760BD2F1B4}.Debug|Any CPU.ActiveCfg = Debug|Any CPU
		{B3F0D72E-DC56-49E6-BC40-D1760BD2F1B4}.Debug|Any CPU.Build.0 = Debug|Any CPU
		{B3F0D72E-DC56-49E6-BC40-D1760BD2F1B4}.Release|Any CPU.ActiveCfg = Release|Any CPU
		{B3F0D72E-DC56-49E6-BC40-D1760BD2F1B4}.Release|Any CPU.Build.0 = Release|Any CPU
		{1FB227C3-D82C-48D4-9E90-096A600AC482}.Debug|Any CPU.ActiveCfg = Debug|Any CPU
		{1FB227C3-D82C-48D4-9E90-096A600AC482}.Debug|Any CPU.Build.0 = Debug|Any CPU
		{1FB227C3-D82C-48D4-9E90-096A600AC482}.Release|Any CPU.ActiveCfg = Release|Any CPU
		{1FB227C3-D82C-48D4-9E90-096A600AC482}.Release|Any CPU.Build.0 = Release|Any CPU
		{6AB91088-CCEB-4D3F-9813-4096112D4B38}.Debug|Any CPU.ActiveCfg = Debug|Any CPU
		{6AB91088-CCEB-4D3F-9813-4096112D4B38}.Debug|Any CPU.Build.0 = Debug|Any CPU
		{6AB91088-CCEB-4D3F-9813-4096112D4B38}.Release|Any CPU.ActiveCfg = Release|Any CPU
		{6AB91088-CCEB-4D3F-9813-4096112D4B38}.Release|Any CPU.Build.0 = Release|Any CPU
		{327FA65D-AFF2-41C3-BCDC-39AF11AF4F6F}.Debug|Any CPU.ActiveCfg = Debug|Any CPU
		{327FA65D-AFF2-41C3-BCDC-39AF11AF4F6F}.Debug|Any CPU.Build.0 = Debug|Any CPU
		{327FA65D-AFF2-41C3-BCDC-39AF11AF4F6F}.Release|Any CPU.ActiveCfg = Release|Any CPU
		{327FA65D-AFF2-41C3-BCDC-39AF11AF4F6F}.Release|Any CPU.Build.0 = Release|Any CPU
		{F47B3B87-83DD-42D8-9C03-914E36F009FC}.Debug|Any CPU.ActiveCfg = Debug|Any CPU
		{F47B3B87-83DD-42D8-9C03-914E36F009FC}.Debug|Any CPU.Build.0 = Debug|Any CPU
		{F47B3B87-83DD-42D8-9C03-914E36F009FC}.Release|Any CPU.ActiveCfg = Release|Any CPU
		{F47B3B87-83DD-42D8-9C03-914E36F009FC}.Release|Any CPU.Build.0 = Release|Any CPU
		{96CFA233-71A2-44CE-A966-4B1D6EB97884}.Debug|Any CPU.ActiveCfg = Debug|Any CPU
		{96CFA233-71A2-44CE-A966-4B1D6EB97884}.Debug|Any CPU.Build.0 = Debug|Any CPU
		{96CFA233-71A2-44CE-A966-4B1D6EB97884}.Release|Any CPU.ActiveCfg = Release|Any CPU
		{96CFA233-71A2-44CE-A966-4B1D6EB97884}.Release|Any CPU.Build.0 = Release|Any CPU
		{F1F4C8A7-23A5-454C-949C-4F3CD228177A}.Debug|Any CPU.ActiveCfg = Debug|Any CPU
		{F1F4C8A7-23A5-454C-949C-4F3CD228177A}.Debug|Any CPU.Build.0 = Debug|Any CPU
		{F1F4C8A7-23A5-454C-949C-4F3CD228177A}.Release|Any CPU.ActiveCfg = Release|Any CPU
		{F1F4C8A7-23A5-454C-949C-4F3CD228177A}.Release|Any CPU.Build.0 = Release|Any CPU
	EndGlobalSection
	GlobalSection(SolutionProperties) = preSolution
		HideSolutionNode = FALSE
	EndGlobalSection
	GlobalSection(NestedProjects) = preSolution
		{74228B0F-AF52-47A9-894B-146F349D34DF} = {D2EC8A04-D23A-435A-A137-4797C5E4C0E2}
		{38336670-5C5E-418F-95D9-06BAA746D0B9} = {D2EC8A04-D23A-435A-A137-4797C5E4C0E2}
		{0605BC9A-1ED2-4B4A-A1E3-12EAB26179B2} = {D2EC8A04-D23A-435A-A137-4797C5E4C0E2}
		{0F595B06-3887-4A56-A50C-A5FAA7C4822D} = {F06F4692-DF3A-42CF-8A04-A68A43917256}
		{185E8ABC-04A8-4590-84B0-ABC9296C7907} = {F06F4692-DF3A-42CF-8A04-A68A43917256}
		{DC6CD10C-4B6E-44F0-8971-38BD399CFEA4} = {F06F4692-DF3A-42CF-8A04-A68A43917256}
		{F84A2151-94B1-4C70-9681-604CB55A1BA2} = {F5673DDE-A27D-4388-BFED-F2DC94144333}
		{44BD3973-8883-4AD2-AC3D-18388578FF25} = {F5673DDE-A27D-4388-BFED-F2DC94144333}
		{9D1290FB-726C-40E9-BF54-FF5A503C2320} = {F5673DDE-A27D-4388-BFED-F2DC94144333}
		{4AEB9CA7-DF96-4A85-8096-A032AD5063B3} = {792EB973-6B13-4765-8A17-DB20AEE10F74}
		{378CBA70-1AD8-4B14-8F1E-F3BD1942A319} = {792EB973-6B13-4765-8A17-DB20AEE10F74}
		{734E34D0-FEE2-43A7-A2EF-C5E8FAD21736} = {792EB973-6B13-4765-8A17-DB20AEE10F74}
		{33699CAF-1B18-4E2C-877B-5E380EC6CF93} = {B53B79D6-4C71-4552-8A37-C3E2FB76C595}
		{0ED0BC43-3B6D-4E97-95F8-CFA658652922} = {B53B79D6-4C71-4552-8A37-C3E2FB76C595}
		{B3F0D72E-DC56-49E6-BC40-D1760BD2F1B4} = {B53B79D6-4C71-4552-8A37-C3E2FB76C595}
		{1FB227C3-D82C-48D4-9E90-096A600AC482} = {FD952884-808D-4A90-9C45-60400FDE110A}
		{6AB91088-CCEB-4D3F-9813-4096112D4B38} = {FD952884-808D-4A90-9C45-60400FDE110A}
		{327FA65D-AFF2-41C3-BCDC-39AF11AF4F6F} = {FD952884-808D-4A90-9C45-60400FDE110A}
		{F47B3B87-83DD-42D8-9C03-914E36F009FC} = {BC027D84-1097-4F95-B260-294711FE2270}
		{96CFA233-71A2-44CE-A966-4B1D6EB97884} = {BC027D84-1097-4F95-B260-294711FE2270}
		{F1F4C8A7-23A5-454C-949C-4F3CD228177A} = {BC027D84-1097-4F95-B260-294711FE2270}
	EndGlobalSection
	GlobalSection(ExtensibilityGlobals) = postSolution
		SolutionGuid = {8DA917A9-EBD2-4080-825C-E8658317CE7B}
	EndGlobalSection
EndGlobal
