
Microsoft Visual Studio Solution File, Format Version 12.00
# Visual Studio Version 16
VisualStudioVersion = 16.0.34031.81
MinimumVisualStudioVersion = 10.0.40219.1
Project("{2150E333-8FDC-42A3-9474-1A3956D46DE8}") = "Task0", "Task0", "{D2EC8A04-D23A-435A-A137-4797C5E4C0E2}"
EndProject
Project("{FAE04EC0-301F-11D3-BF4B-00C04F79EFBC}") = "Tyuiu.TitkovAA.Sprint3.Task0.V21", "Tyuiu.TitkovAA.Sprint3.Task0.V21\Tyuiu.TitkovAA.Sprint3.Task0.V21.csproj", "{74228B0F-AF52-47A9-894B-146F349D34DF}"
EndProject
Project("{FAE04EC0-301F-11D3-BF4B-00C04F79EFBC}") = "Tyuiu.TitkovAA.Sprint3.Task0.V21.Lib", "Tyuiu.TitkovAA.Sprint3.Task0.V21.Lib\Tyuiu.TitkovAA.Sprint3.Task0.V21.Lib.csproj", "{38336670-5C5E-418F-95D9-06BAA746D0B9}"
EndProject
Project("{FAE04EC0-301F-11D3-BF4B-00C04F79EFBC}") = "Tyuiu.TitkovAA.Sprint3.Task0.V21.Test", "Tyuiu.TitkovAA.Sprint3.Task0.V21.Test\Tyuiu.TitkovAA.Sprint3.Task0.V21.Test.csproj", "{0605BC9A-1ED2-4B4A-A1E3-12EAB26179B2}"
EndProject
Project("{2150E333-8FDC-42A3-9474-1A3956D46DE8}") = "Task1", "Task1", "{F06F4692-DF3A-42CF-8A04-A68A43917256}"
EndProject
Project("{FAE04EC0-301F-11D3-BF4B-00C04F79EFBC}") = "Tyuiu.TitkovAA.Sprint3.Task1.V28", "Tyuiu.TitkovAA.Sprint3.Task1.V28\Tyuiu.TitkovAA.Sprint3.Task1.V28.csproj", "{0F595B06-3887-4A56-A50C-A5FAA7C4822D}"
EndProject
Project("{FAE04EC0-301F-11D3-BF4B-00C04F79EFBC}") = "Tyuiu.TitkovAA.Sprint3.Task1.V28.Lib", "Tyuiu.TitkovAA.Sprint3.Task1.V28.Lib\Tyuiu.TitkovAA.Sprint3.Task1.V28.Lib.csproj", "{185E8ABC-04A8-4590-84B0-ABC9296C7907}"
EndProject
Project("{FAE04EC0-301F-11D3-BF4B-00C04F79EFBC}") = "Tyuiu.TitkovAA.Sprint3.Task1.V28.Test", "Tyuiu.TitkovAA.Sprint3.Task1.V28.Test\Tyuiu.TitkovAA.Sprint3.Task1.V28.Test.csproj", "{DC6CD10C-4B6E-44F0-8971-38BD399CFEA4}"
EndProject
Global
	GlobalSection(SolutionConfigurationPlatforms) = preSolution
		Debug|Any CPU = Debug|Any CPU
		Release|Any CPU = Release|Any CPU
	EndGlobalSection
	GlobalSection(ProjectConfigurationPlatforms) = postSolution
		{74228B0F-AF52-47A9-894B-146F349D34DF}.Debug|Any CPU.ActiveCfg = Debug|Any CPU
		{74228B0F-AF52-47A9-894B-146F349D34DF}.Debug|Any CPU.Build.0 = Debug|Any CPU
		{74228B0F-AF52-47A9-894B-146F349D34DF}.Release|Any CPU.ActiveCfg = Release|Any CPU
		{74228B0F-AF52-47A9-894B-146F349D34DF}.Release|Any CPU.Build.0 = Release|Any CPU
		{38336670-5C5E-418F-95D9-06BAA746D0B9}.Debug|Any CPU.ActiveCfg = Debug|Any CPU
		{38336670-5C5E-418F-95D9-06BAA746D0B9}.Debug|Any CPU.Build.0 = Debug|Any CPU
		{38336670-5C5E-418F-95D9-06BAA746D0B9}.Release|Any CPU.ActiveCfg = Release|Any CPU
		{38336670-5C5E-418F-95D9-06BAA746D0B9}.Release|Any CPU.Build.0 = Release|Any CPU
		{0605BC9A-1ED2-4B4A-A1E3-12EAB26179B2}.Debug|Any CPU.ActiveCfg = Debug|Any CPU
		{0605BC9A-1ED2-4B4A-A1E3-12EAB26179B2}.Debug|Any CPU.Build.0 = Debug|Any CPU
		{0605BC9A-1ED2-4B4A-A1E3-12EAB26179B2}.Release|Any CPU.ActiveCfg = Release|Any CPU
		{0605BC9A-1ED2-4B4A-A1E3-12EAB26179B2}.Release|Any CPU.Build.0 = Release|Any CPU
		{0F595B06-3887-4A56-A50C-A5FAA7C4822D}.Debug|Any CPU.ActiveCfg = Debug|Any CPU
		{0F595B06-3887-4A56-A50C-A5FAA7C4822D}.Debug|Any CPU.Build.0 = Debug|Any CPU
		{0F595B06-3887-4A56-A50C-A5FAA7C4822D}.Release|Any CPU.ActiveCfg = Release|Any CPU
		{0F595B06-3887-4A56-A50C-A5FAA7C4822D}.Release|Any CPU.Build.0 = Release|Any CPU
		{185E8ABC-04A8-4590-84B0-ABC9296C7907}.Debug|Any CPU.ActiveCfg = Debug|Any CPU
		{185E8ABC-04A8-4590-84B0-ABC9296C7907}.Debug|Any CPU.Build.0 = Debug|Any CPU
		{185E8ABC-04A8-4590-84B0-ABC9296C7907}.Release|Any CPU.ActiveCfg = Release|Any CPU
		{185E8ABC-04A8-4590-84B0-ABC9296C7907}.Release|Any CPU.Build.0 = Release|Any CPU
		{DC6CD10C-4B6E-44F0-8971-38BD399CFEA4}.Debug|Any CPU.ActiveCfg = Debug|Any CPU
		{DC6CD10C-4B6E-44F0-8971-38BD399CFEA4}.Debug|Any CPU.Build.0 = Debug|Any CPU
		{DC6CD10C-4B6E-44F0-8971-38BD399CFEA4}.Release|Any CPU.ActiveCfg = Release|Any CPU
		{DC6CD10C-4B6E-44F0-8971-38BD399CFEA4}.Release|Any CPU.Build.0 = Release|Any CPU
	EndGlobalSection
	GlobalSection(SolutionProperties) = preSolution
		HideSolutionNode = FALSE
	EndGlobalSection
	GlobalSection(NestedProjects) = preSolution
		{74228B0F-AF52-47A9-894B-146F349D34DF} = {D2EC8A04-D23A-435A-A137-4797C5E4C0E2}
		{38336670-5C5E-418F-95D9-06BAA746D0B9} = {D2EC8A04-D23A-435A-A137-4797C5E4C0E2}
		{0605BC9A-1ED2-4B4A-A1E3-12EAB26179B2} = {D2EC8A04-D23A-435A-A137-4797C5E4C0E2}
		{0F595B06-3887-4A56-A50C-A5FAA7C4822D} = {F06F4692-DF3A-42CF-8A04-A68A43917256}
		{185E8ABC-04A8-4590-84B0-ABC9296C7907} = {F06F4692-DF3A-42CF-8A04-A68A43917256}
		{DC6CD10C-4B6E-44F0-8971-38BD399CFEA4} = {F06F4692-DF3A-42CF-8A04-A68A43917256}
	EndGlobalSection
	GlobalSection(ExtensibilityGlobals) = postSolution
		SolutionGuid = {8DA917A9-EBD2-4080-825C-E8658317CE7B}
	EndGlobalSection
EndGlobal
